
Microsoft Visual Studio Solution File, Format Version 12.00
# Visual Studio Version 17
VisualStudioVersion = 17.0.32014.148
MinimumVisualStudioVersion = 10.0.40219.1
Project("{FAE04EC0-301F-11D3-BF4B-00C04F79EFBC}") = "1_Hello_world", "1_Hello_world.csproj", "{7860822A-E35A-492B-852E-904DDDD8FE8A}"
EndProject
Global
	GlobalSection(SolutionConfigurationPlatforms) = preSolution
		Debug|Any CPU = Debug|Any CPU
		Release|Any CPU = Release|Any CPU
	EndGlobalSection
	GlobalSection(ProjectConfigurationPlatforms) = postSolution
		{7860822A-E35A-492B-852E-904DDDD8FE8A}.Debug|Any CPU.ActiveCfg = Debug|Any CPU
		{7860822A-E35A-492B-852E-904DDDD8FE8A}.Debug|Any CPU.Build.0 = Debug|Any CPU
		{7860822A-E35A-492B-852E-904DDDD8FE8A}.Release|Any CPU.ActiveCfg = Release|Any CPU
		{7860822A-E35A-492B-852E-904DDDD8FE8A}.Release|Any CPU.Build.0 = Release|Any CPU
	EndGlobalSection
	GlobalSection(SolutionProperties) = preSolution
		HideSolutionNode = FALSE
	EndGlobalSection
	GlobalSection(ExtensibilityGlobals) = postSolution
		SolutionGuid = {9E784F52-6BC0-444F-846D-E6E925C6796A}
	EndGlobalSection
EndGlobal
