
Microsoft Visual Studio Solution File, Format Version 12.00
# Visual Studio Version 17
VisualStudioVersion = 17.0.32014.148
MinimumVisualStudioVersion = 10.0.40219.1
Project("{FAE04EC0-301F-11D3-BF4B-00C04F79EFBC}") = "16_class", "16_class.csproj", "{F9C433FD-B6DA-48EE-902E-7AB0A6E56527}"
EndProject
Global
	GlobalSection(SolutionConfigurationPlatforms) = preSolution
		Debug|Any CPU = Debug|Any CPU
		Release|Any CPU = Release|Any CPU
	EndGlobalSection
	GlobalSection(ProjectConfigurationPlatforms) = postSolution
		{F9C433FD-B6DA-48EE-902E-7AB0A6E56527}.Debug|Any CPU.ActiveCfg = Debug|Any CPU
		{F9C433FD-B6DA-48EE-902E-7AB0A6E56527}.Debug|Any CPU.Build.0 = Debug|Any CPU
		{F9C433FD-B6DA-48EE-902E-7AB0A6E56527}.Release|Any CPU.ActiveCfg = Release|Any CPU
		{F9C433FD-B6DA-48EE-902E-7AB0A6E56527}.Release|Any CPU.Build.0 = Release|Any CPU
	EndGlobalSection
	GlobalSection(SolutionProperties) = preSolution
		HideSolutionNode = FALSE
	EndGlobalSection
	GlobalSection(ExtensibilityGlobals) = postSolution
		SolutionGuid = {3F101304-49CC-42DC-8148-37273083A9AE}
	EndGlobalSection
EndGlobal
